
Microsoft Visual Studio Solution File, Format Version 12.00
# Visual Studio Version 17
VisualStudioVersion = 17.12.35707.178
MinimumVisualStudioVersion = 10.0.40219.1
Project("{FAE04EC0-301F-11D3-BF4B-00C04F79EFBC}") = "Bank.Api", "Bank.Api\Bank.Api.csproj", "{1981D85E-7728-4545-8E75-AF2246099191}"
EndProject
Project("{FAE04EC0-301F-11D3-BF4B-00C04F79EFBC}") = "Bank.Domain", "Bank.Domain\Bank.Domain.csproj", "{54067D9B-61BB-4B9B-A6EA-E4CD025D8035}"
EndProject
Project("{FAE04EC0-301F-11D3-BF4B-00C04F79EFBC}") = "Bank.Application", "Bank.Application\Bank.Application.csproj", "{0EAF2985-14DB-4535-A3FC-85E5886F445B}"
EndProject
Project("{FAE04EC0-301F-11D3-BF4B-00C04F79EFBC}") = "Bank.Infrastructure", "Bank.Infrastructure\Bank.Infrastructure.csproj", "{E9FD00D8-E7DC-40E5-AB92-8A884A75334A}"
EndProject
Project("{FAE04EC0-301F-11D3-BF4B-00C04F79EFBC}") = "Bank.Test", "Bank.Test\Bank.Test.csproj", "{D632B4D8-3968-48E0-BAA6-F3A3D5565006}"
EndProject
Project("{FAE04EC0-301F-11D3-BF4B-00C04F79EFBC}") = "Bank.Logging", "Bank.Logging\Bank.Logging.csproj", "{9508CFD7-5932-43DF-AB8E-EA34FE68EC80}"
EndProject
Project("{FAE04EC0-301F-11D3-BF4B-00C04F79EFBC}") = "Bank.Sql", "Bank.Sql\Bank.Sql.csproj", "{3AD5F06C-B4DE-4ADA-AC43-109D7D7D710C}"
EndProject
Global
	GlobalSection(SolutionConfigurationPlatforms) = preSolution
		Debug|Any CPU = Debug|Any CPU
		Release|Any CPU = Release|Any CPU
	EndGlobalSection
	GlobalSection(ProjectConfigurationPlatforms) = postSolution
		{1981D85E-7728-4545-8E75-AF2246099191}.Debug|Any CPU.ActiveCfg = Debug|Any CPU
		{1981D85E-7728-4545-8E75-AF2246099191}.Debug|Any CPU.Build.0 = Debug|Any CPU
		{1981D85E-7728-4545-8E75-AF2246099191}.Release|Any CPU.ActiveCfg = Release|Any CPU
		{1981D85E-7728-4545-8E75-AF2246099191}.Release|Any CPU.Build.0 = Release|Any CPU
		{54067D9B-61BB-4B9B-A6EA-E4CD025D8035}.Debug|Any CPU.ActiveCfg = Debug|Any CPU
		{54067D9B-61BB-4B9B-A6EA-E4CD025D8035}.Debug|Any CPU.Build.0 = Debug|Any CPU
		{54067D9B-61BB-4B9B-A6EA-E4CD025D8035}.Release|Any CPU.ActiveCfg = Release|Any CPU
		{54067D9B-61BB-4B9B-A6EA-E4CD025D8035}.Release|Any CPU.Build.0 = Release|Any CPU
		{0EAF2985-14DB-4535-A3FC-85E5886F445B}.Debug|Any CPU.ActiveCfg = Debug|Any CPU
		{0EAF2985-14DB-4535-A3FC-85E5886F445B}.Debug|Any CPU.Build.0 = Debug|Any CPU
		{0EAF2985-14DB-4535-A3FC-85E5886F445B}.Release|Any CPU.ActiveCfg = Release|Any CPU
		{0EAF2985-14DB-4535-A3FC-85E5886F445B}.Release|Any CPU.Build.0 = Release|Any CPU
		{E9FD00D8-E7DC-40E5-AB92-8A884A75334A}.Debug|Any CPU.ActiveCfg = Debug|Any CPU
		{E9FD00D8-E7DC-40E5-AB92-8A884A75334A}.Debug|Any CPU.Build.0 = Debug|Any CPU
		{E9FD00D8-E7DC-40E5-AB92-8A884A75334A}.Release|Any CPU.ActiveCfg = Release|Any CPU
		{E9FD00D8-E7DC-40E5-AB92-8A884A75334A}.Release|Any CPU.Build.0 = Release|Any CPU
		{D632B4D8-3968-48E0-BAA6-F3A3D5565006}.Debug|Any CPU.ActiveCfg = Debug|Any CPU
		{D632B4D8-3968-48E0-BAA6-F3A3D5565006}.Debug|Any CPU.Build.0 = Debug|Any CPU
		{D632B4D8-3968-48E0-BAA6-F3A3D5565006}.Release|Any CPU.ActiveCfg = Release|Any CPU
		{D632B4D8-3968-48E0-BAA6-F3A3D5565006}.Release|Any CPU.Build.0 = Release|Any CPU
		{9508CFD7-5932-43DF-AB8E-EA34FE68EC80}.Debug|Any CPU.ActiveCfg = Debug|Any CPU
		{9508CFD7-5932-43DF-AB8E-EA34FE68EC80}.Debug|Any CPU.Build.0 = Debug|Any CPU
		{9508CFD7-5932-43DF-AB8E-EA34FE68EC80}.Release|Any CPU.ActiveCfg = Release|Any CPU
		{9508CFD7-5932-43DF-AB8E-EA34FE68EC80}.Release|Any CPU.Build.0 = Release|Any CPU
		{3AD5F06C-B4DE-4ADA-AC43-109D7D7D710C}.Debug|Any CPU.ActiveCfg = Debug|Any CPU
		{3AD5F06C-B4DE-4ADA-AC43-109D7D7D710C}.Debug|Any CPU.Build.0 = Debug|Any CPU
		{3AD5F06C-B4DE-4ADA-AC43-109D7D7D710C}.Release|Any CPU.ActiveCfg = Release|Any CPU
		{3AD5F06C-B4DE-4ADA-AC43-109D7D7D710C}.Release|Any CPU.Build.0 = Release|Any CPU
	EndGlobalSection
	GlobalSection(SolutionProperties) = preSolution
		HideSolutionNode = FALSE
	EndGlobalSection
EndGlobal
